
Microsoft Visual Studio Solution File, Format Version 12.00
# Visual Studio Version 16
VisualStudioVersion = 16.0.31205.134
MinimumVisualStudioVersion = 10.0.40219.1
Project("{FAE04EC0-301F-11D3-BF4B-00C04F79EFBC}") = "GDataGUI", "GDataGUI\GDataGUI.csproj", "{9FCBFD5E-F458-4983-BCA0-9A293ACF2567}"
EndProject
Global
	GlobalSection(SolutionConfigurationPlatforms) = preSolution
		Debug|Any CPU = Debug|Any CPU
		Release|Any CPU = Release|Any CPU
	EndGlobalSection
	GlobalSection(ProjectConfigurationPlatforms) = postSolution
		{9FCBFD5E-F458-4983-BCA0-9A293ACF2567}.Debug|Any CPU.ActiveCfg = Debug|Any CPU
		{9FCBFD5E-F458-4983-BCA0-9A293ACF2567}.Debug|Any CPU.Build.0 = Debug|Any CPU
		{9FCBFD5E-F458-4983-BCA0-9A293ACF2567}.Release|Any CPU.ActiveCfg = Release|Any CPU
		{9FCBFD5E-F458-4983-BCA0-9A293ACF2567}.Release|Any CPU.Build.0 = Release|Any CPU
	EndGlobalSection
	GlobalSection(SolutionProperties) = preSolution
		HideSolutionNode = FALSE
	EndGlobalSection
	GlobalSection(ExtensibilityGlobals) = postSolution
		SolutionGuid = {0293B47A-1184-4E29-BA65-6C73670A58F1}
	EndGlobalSection
EndGlobal
